
Microsoft Visual Studio Solution File, Format Version 12.00
# Visual Studio Version 17
VisualStudioVersion = 17.11.35303.130
MinimumVisualStudioVersion = 10.0.40219.1
Project("{8BC9CEB8-8B4A-11D0-8D11-00A0C91BC942}") = "Chapter 2 Checkpoint Excercises", "Chapter 2 Checkpoint Excercises.vcxproj", "{1FA6898B-A9B2-4B1D-8226-964332D30800}"
EndProject
Global
	GlobalSection(SolutionConfigurationPlatforms) = preSolution
		Debug|x64 = Debug|x64
		Debug|x86 = Debug|x86
		Release|x64 = Release|x64
		Release|x86 = Release|x86
	EndGlobalSection
	GlobalSection(ProjectConfigurationPlatforms) = postSolution
		{1FA6898B-A9B2-4B1D-8226-964332D30800}.Debug|x64.ActiveCfg = Debug|x64
		{1FA6898B-A9B2-4B1D-8226-964332D30800}.Debug|x64.Build.0 = Debug|x64
		{1FA6898B-A9B2-4B1D-8226-964332D30800}.Debug|x86.ActiveCfg = Debug|Win32
		{1FA6898B-A9B2-4B1D-8226-964332D30800}.Debug|x86.Build.0 = Debug|Win32
		{1FA6898B-A9B2-4B1D-8226-964332D30800}.Release|x64.ActiveCfg = Release|x64
		{1FA6898B-A9B2-4B1D-8226-964332D30800}.Release|x64.Build.0 = Release|x64
		{1FA6898B-A9B2-4B1D-8226-964332D30800}.Release|x86.ActiveCfg = Release|Win32
		{1FA6898B-A9B2-4B1D-8226-964332D30800}.Release|x86.Build.0 = Release|Win32
	EndGlobalSection
	GlobalSection(SolutionProperties) = preSolution
		HideSolutionNode = FALSE
	EndGlobalSection
	GlobalSection(ExtensibilityGlobals) = postSolution
		SolutionGuid = {8AF017B4-A0C4-480D-87F4-7C3602E9E510}
	EndGlobalSection
EndGlobal
